
Microsoft Visual Studio Solution File, Format Version 12.00
# Visual Studio 15
VisualStudioVersion = 15.0.27130.2010
MinimumVisualStudioVersion = 10.0.40219.1
Project("{FAE04EC0-301F-11D3-BF4B-00C04F79EFBC}") = "BinaryTreeTraversals", "BinaryTreeTraversals\BinaryTreeTraversals.csproj", "{4C492D23-43E9-4FF7-855A-1E07DC7ABEA6}"
EndProject
Global
	GlobalSection(SolutionConfigurationPlatforms) = preSolution
		Debug|Any CPU = Debug|Any CPU
		Release|Any CPU = Release|Any CPU
	EndGlobalSection
	GlobalSection(ProjectConfigurationPlatforms) = postSolution
		{4C492D23-43E9-4FF7-855A-1E07DC7ABEA6}.Debug|Any CPU.ActiveCfg = Debug|Any CPU
		{4C492D23-43E9-4FF7-855A-1E07DC7ABEA6}.Debug|Any CPU.Build.0 = Debug|Any CPU
		{4C492D23-43E9-4FF7-855A-1E07DC7ABEA6}.Release|Any CPU.ActiveCfg = Release|Any CPU
		{4C492D23-43E9-4FF7-855A-1E07DC7ABEA6}.Release|Any CPU.Build.0 = Release|Any CPU
	EndGlobalSection
	GlobalSection(SolutionProperties) = preSolution
		HideSolutionNode = FALSE
	EndGlobalSection
	GlobalSection(ExtensibilityGlobals) = postSolution
		SolutionGuid = {50D82B33-3186-464D-92C2-C5A0BAFFE003}
	EndGlobalSection
EndGlobal
